// !$*UTF8*$!
{
	archiveVersion = 1;
	classes = {
	};
	objectVersion = 55;
	objects = {

/* Begin PBXBuildFile section */
		82509166CFE4D7BA3CCC8FD2 /* Pods_AnimationTestApp.framework in Frameworks */ = {isa = PBXBuildFile; fileRef = B9EEE2141C60B162F5DD8DAD /* Pods_AnimationTestApp.framework */; };
		C20D29E427FC6F0300444DA2 /* Animation.swift in Sources */ = {isa = PBXBuildFile; fileRef = C20D29E327FC6F0300444DA2 /* Animation.swift */; };
		C239AFDA27FC69020053F77E /* AppDelegate.swift in Sources */ = {isa = PBXBuildFile; fileRef = C239AFD927FC69020053F77E /* AppDelegate.swift */; };
		C239AFDC27FC69020053F77E /* SceneDelegate.swift in Sources */ = {isa = PBXBuildFile; fileRef = C239AFDB27FC69020053F77E /* SceneDelegate.swift */; };
		C239AFDE27FC69020053F77E /* ViewController.swift in Sources */ = {isa = PBXBuildFile; fileRef = C239AFDD27FC69020053F77E /* ViewController.swift */; };
		C239AFE127FC69020053F77E /* Main.storyboard in Resources */ = {isa = PBXBuildFile; fileRef = C239AFDF27FC69020053F77E /* Main.storyboard */; };
		C239AFE327FC69040053F77E /* Assets.xcassets in Resources */ = {isa = PBXBuildFile; fileRef = C239AFE227FC69040053F77E /* Assets.xcassets */; };
		C239AFE627FC69040053F77E /* LaunchScreen.storyboard in Resources */ = {isa = PBXBuildFile; fileRef = C239AFE427FC69040053F77E /* LaunchScreen.storyboard */; };
/* End PBXBuildFile section */

/* Begin PBXFileReference section */
		46D725BF9344F2A3FF900F9D /* Pods-AnimationTestApp.release.xcconfig */ = {isa = PBXFileReference; includeInIndex = 1; lastKnownFileType = text.xcconfig; name = "Pods-AnimationTestApp.release.xcconfig"; path = "Target Support Files/Pods-AnimationTestApp/Pods-AnimationTestApp.release.xcconfig"; sourceTree = "<group>"; };
		55057EF5BC54A722EC06B3C6 /* Pods-AnimationTestApp.debug.xcconfig */ = {isa = PBXFileReference; includeInIndex = 1; lastKnownFileType = text.xcconfig; name = "Pods-AnimationTestApp.debug.xcconfig"; path = "Target Support Files/Pods-AnimationTestApp/Pods-AnimationTestApp.debug.xcconfig"; sourceTree = "<group>"; };
		B9EEE2141C60B162F5DD8DAD /* Pods_AnimationTestApp.framework */ = {isa = PBXFileReference; explicitFileType = wrapper.framework; includeInIndex = 0; path = Pods_AnimationTestApp.framework; sourceTree = BUILT_PRODUCTS_DIR; };
		C20D29E327FC6F0300444DA2 /* Animation.swift */ = {isa = PBXFileReference; lastKnownFileType = sourcecode.swift; path = Animation.swift; sourceTree = "<group>"; };
		C239AFD627FC69020053F77E /* AnimationTestApp.app */ = {isa = PBXFileReference; explicitFileType = wrapper.application; includeInIndex = 0; path = AnimationTestApp.app; sourceTree = BUILT_PRODUCTS_DIR; };
		C239AFD927FC69020053F77E /* AppDelegate.swift */ = {isa = PBXFileReference; lastKnownFileType = sourcecode.swift; path = AppDelegate.swift; sourceTree = "<group>"; };
		C239AFDB27FC69020053F77E /* SceneDelegate.swift */ = {isa = PBXFileReference; lastKnownFileType = sourcecode.swift; path = SceneDelegate.swift; sourceTree = "<group>"; };
		C239AFDD27FC69020053F77E /* ViewController.swift */ = {isa = PBXFileReference; lastKnownFileType = sourcecode.swift; path = ViewController.swift; sourceTree = "<group>"; };
		C239AFE027FC69020053F77E /* Base */ = {isa = PBXFileReference; lastKnownFileType = file.storyboard; name = Base; path = Base.lproj/Main.storyboard; sourceTree = "<group>"; };
		C239AFE227FC69040053F77E /* Assets.xcassets */ = {isa = PBXFileReference; lastKnownFileType = folder.assetcatalog; path = Assets.xcassets; sourceTree = "<group>"; };
		C239AFE527FC69040053F77E /* Base */ = {isa = PBXFileReference; lastKnownFileType = file.storyboard; name = Base; path = Base.lproj/LaunchScreen.storyboard; sourceTree = "<group>"; };
		C239AFE727FC69040053F77E /* Info.plist */ = {isa = PBXFileReference; lastKnownFileType = text.plist.xml; path = Info.plist; sourceTree = "<group>"; };
/* End PBXFileReference section */

/* Begin PBXFrameworksBuildPhase section */
		C239AFD327FC69020053F77E /* Frameworks */ = {
			isa = PBXFrameworksBuildPhase;
			buildActionMask = 2147483647;
			files = (
				82509166CFE4D7BA3CCC8FD2 /* Pods_AnimationTestApp.framework in Frameworks */,
			);
			runOnlyForDeploymentPostprocessing = 0;
		};
/* End PBXFrameworksBuildPhase section */

/* Begin PBXGroup section */
		080343679CF841020E418E83 /* Pods */ = {
			isa = PBXGroup;
			children = (
				55057EF5BC54A722EC06B3C6 /* Pods-AnimationTestApp.debug.xcconfig */,
				46D725BF9344F2A3FF900F9D /* Pods-AnimationTestApp.release.xcconfig */,
			);
			path = Pods;
			sourceTree = "<group>";
		};
		6860F08BD047EC7146D628EE /* Frameworks */ = {
			isa = PBXGroup;
			children = (
				B9EEE2141C60B162F5DD8DAD /* Pods_AnimationTestApp.framework */,
			);
			name = Frameworks;
			sourceTree = "<group>";
		};
		C20D29DE27FC6EB100444DA2 /* App */ = {
			isa = PBXGroup;
			children = (
				C239AFD927FC69020053F77E /* AppDelegate.swift */,
				C239AFDB27FC69020053F77E /* SceneDelegate.swift */,
				C239AFE727FC69040053F77E /* Info.plist */,
			);
			path = App;
			sourceTree = "<group>";
		};
		C20D29DF27FC6EB700444DA2 /* Storyboards */ = {
			isa = PBXGroup;
			children = (
				C239AFDF27FC69020053F77E /* Main.storyboard */,
				C239AFE427FC69040053F77E /* LaunchScreen.storyboard */,
			);
			path = Storyboards;
			sourceTree = "<group>";
		};
		C20D29E027FC6EBE00444DA2 /* ViewControllers */ = {
			isa = PBXGroup;
			children = (
				C239AFDD27FC69020053F77E /* ViewController.swift */,
			);
			path = ViewControllers;
			sourceTree = "<group>";
		};
		C20D29E127FC6EC400444DA2 /* Resources */ = {
			isa = PBXGroup;
			children = (
				C239AFE227FC69040053F77E /* Assets.xcassets */,
			);
			path = Resources;
			sourceTree = "<group>";
		};
		C20D29E227FC6EEB00444DA2 /* Models */ = {
			isa = PBXGroup;
			children = (
				C20D29E327FC6F0300444DA2 /* Animation.swift */,
			);
			path = Models;
			sourceTree = "<group>";
		};
		C239AFCD27FC69020053F77E = {
			isa = PBXGroup;
			children = (
				C239AFD827FC69020053F77E /* AnimationTestApp */,
				C239AFD727FC69020053F77E /* Products */,
				080343679CF841020E418E83 /* Pods */,
				6860F08BD047EC7146D628EE /* Frameworks */,
			);
			sourceTree = "<group>";
		};
		C239AFD727FC69020053F77E /* Products */ = {
			isa = PBXGroup;
			children = (
				C239AFD627FC69020053F77E /* AnimationTestApp.app */,
			);
			name = Products;
			sourceTree = "<group>";
		};
		C239AFD827FC69020053F77E /* AnimationTestApp */ = {
			isa = PBXGroup;
			children = (
				C20D29E227FC6EEB00444DA2 /* Models */,
				C20D29E027FC6EBE00444DA2 /* ViewControllers */,
				C20D29DF27FC6EB700444DA2 /* Storyboards */,
				C20D29E127FC6EC400444DA2 /* Resources */,
				C20D29DE27FC6EB100444DA2 /* App */,
			);
			path = AnimationTestApp;
			sourceTree = "<group>";
		};
/* End PBXGroup section */

/* Begin PBXNativeTarget section */
		C239AFD527FC69020053F77E /* AnimationTestApp */ = {
			isa = PBXNativeTarget;
			buildConfigurationList = C239AFEA27FC69040053F77E /* Build configuration list for PBXNativeTarget "AnimationTestApp" */;
			buildPhases = (
				A23A425F4C06C3B585464C4E /* [CP] Check Pods Manifest.lock */,
				C239AFD227FC69020053F77E /* Sources */,
				C239AFD327FC69020053F77E /* Frameworks */,
				C239AFD427FC69020053F77E /* Resources */,
				D60ECCD3788CFDE3B62BB4C1 /* [CP] Embed Pods Frameworks */,
			);
			buildRules = (
			);
			dependencies = (
			);
			name = AnimationTestApp;
			productName = AnimationTestApp;
			productReference = C239AFD627FC69020053F77E /* AnimationTestApp.app */;
			productType = "com.apple.product-type.application";
		};
/* End PBXNativeTarget section */

/* Begin PBXProject section */
		C239AFCE27FC69020053F77E /* Project object */ = {
			isa = PBXProject;
			attributes = {
				BuildIndependentTargetsInParallel = 1;
				LastSwiftUpdateCheck = 1330;
				LastUpgradeCheck = 1330;
				TargetAttributes = {
					C239AFD527FC69020053F77E = {
						CreatedOnToolsVersion = 13.3;
					};
				};
			};
			buildConfigurationList = C239AFD127FC69020053F77E /* Build configuration list for PBXProject "AnimationTestApp" */;
			compatibilityVersion = "Xcode 13.0";
			developmentRegion = en;
			hasScannedForEncodings = 0;
			knownRegions = (
				en,
				Base,
			);
			mainGroup = C239AFCD27FC69020053F77E;
			productRefGroup = C239AFD727FC69020053F77E /* Products */;
			projectDirPath = "";
			projectRoot = "";
			targets = (
				C239AFD527FC69020053F77E /* AnimationTestApp */,
			);
		};
/* End PBXProject section */

/* Begin PBXResourcesBuildPhase section */
		C239AFD427FC69020053F77E /* Resources */ = {
			isa = PBXResourcesBuildPhase;
			buildActionMask = 2147483647;
			files = (
				C239AFE627FC69040053F77E /* LaunchScreen.storyboard in Resources */,
				C239AFE327FC69040053F77E /* Assets.xcassets in Resources */,
				C239AFE127FC69020053F77E /* Main.storyboard in Resources */,
			);
			runOnlyForDeploymentPostprocessing = 0;
		};
/* End PBXResourcesBuildPhase section */

/* Begin PBXShellScriptBuildPhase section */
		A23A425F4C06C3B585464C4E /* [CP] Check Pods Manifest.lock */ = {
			isa = PBXShellScriptBuildPhase;
			buildActionMask = 2147483647;
			files = (
			);
			inputFileListPaths = (
			);
			inputPaths = (
				"${PODS_PODFILE_DIR_PATH}/Podfile.lock",
				"${PODS_ROOT}/Manifest.lock",
			);
			name = "[CP] Check Pods Manifest.lock";
			outputFileListPaths = (
			);
			outputPaths = (
				"$(DERIVED_FILE_DIR)/Pods-AnimationTestApp-checkManifestLockResult.txt",
			);
			runOnlyForDeploymentPostprocessing = 0;
			shellPath = /bin/sh;
			shellScript = "diff \"${PODS_PODFILE_DIR_PATH}/Podfile.lock\" \"${PODS_ROOT}/Manifest.lock\" > /dev/null\nif [ $? != 0 ] ; then\n    # print error to STDERR\n    echo \"error: The sandbox is not in sync with the Podfile.lock. Run 'pod install' or update your CocoaPods installation.\" >&2\n    exit 1\nfi\n# This output is used by Xcode 'outputs' to avoid re-running this script phase.\necho \"SUCCESS\" > \"${SCRIPT_OUTPUT_FILE_0}\"\n";
			showEnvVarsInLog = 0;
		};
		D60ECCD3788CFDE3B62BB4C1 /* [CP] Embed Pods Frameworks */ = {
			isa = PBXShellScriptBuildPhase;
			buildActionMask = 2147483647;
			files = (
			);
			inputFileListPaths = (
				"${PODS_ROOT}/Target Support Files/Pods-AnimationTestApp/Pods-AnimationTestApp-frameworks-${CONFIGURATION}-input-files.xcfilelist",
			);
			name = "[CP] Embed Pods Frameworks";
			outputFileListPaths = (
				"${PODS_ROOT}/Target Support Files/Pods-AnimationTestApp/Pods-AnimationTestApp-frameworks-${CONFIGURATION}-output-files.xcfilelist",
			);
			runOnlyForDeploymentPostprocessing = 0;
			shellPath = /bin/sh;
			shellScript = "\"${PODS_ROOT}/Target Support Files/Pods-AnimationTestApp/Pods-AnimationTestApp-frameworks.sh\"\n";
			showEnvVarsInLog = 0;
		};
/* End PBXShellScriptBuildPhase section */

/* Begin PBXSourcesBuildPhase section */
		C239AFD227FC69020053F77E /* Sources */ = {
			isa = PBXSourcesBuildPhase;
			buildActionMask = 2147483647;
			files = (
				C239AFDE27FC69020053F77E /* ViewController.swift in Sources */,
				C239AFDA27FC69020053F77E /* AppDelegate.swift in Sources */,
				C20D29E427FC6F0300444DA2 /* Animation.swift in Sources */,
				C239AFDC27FC69020053F77E /* SceneDelegate.swift in Sources */,
			);
			runOnlyForDeploymentPostprocessing = 0;
		};
/* End PBXSourcesBuildPhase section */

/* Begin PBXVariantGroup section */
		C239AFDF27FC69020053F77E /* Main.storyboard */ = {
			isa = PBXVariantGroup;
			children = (
				C239AFE027FC69020053F77E /* Base */,
			);
			name = Main.storyboard;
			sourceTree = "<group>";
		};
		C239AFE427FC69040053F77E /* LaunchScreen.storyboard */ = {
			isa = PBXVariantGroup;
			children = (
				C239AFE527FC69040053F77E /* Base */,
			);
			name = LaunchScreen.storyboard;
			sourceTree = "<group>";
		};
/* End PBXVariantGroup section */

/* Begin XCBuildConfiguration section */
		C239AFE827FC69040053F77E /* Debug */ = {
			isa = XCBuildConfiguration;
			buildSettings = {
				ALWAYS_SEARCH_USER_PATHS = NO;
				CLANG_ANALYZER_NONNULL = YES;
				CLANG_ANALYZER_NUMBER_OBJECT_CONVERSION = YES_AGGRESSIVE;
				CLANG_CXX_LANGUAGE_STANDARD = "gnu++17";
				CLANG_ENABLE_MODULES = YES;
				CLANG_ENABLE_OBJC_ARC = YES;
				CLANG_ENABLE_OBJC_WEAK = YES;
				CLANG_WARN_BLOCK_CAPTURE_AUTORELEASING = YES;
				CLANG_WARN_BOOL_CONVERSION = YES;
				CLANG_WARN_COMMA = YES;
				CLANG_WARN_CONSTANT_CONVERSION = YES;
				CLANG_WARN_DEPRECATED_OBJC_IMPLEMENTATIONS = YES;
				CLANG_WARN_DIRECT_OBJC_ISA_USAGE = YES_ERROR;
				CLANG_WARN_DOCUMENTATION_COMMENTS = YES;
				CLANG_WARN_EMPTY_BODY = YES;
				CLANG_WARN_ENUM_CONVERSION = YES;
				CLANG_WARN_INFINITE_RECURSION = YES;
				CLANG_WARN_INT_CONVERSION = YES;
				CLANG_WARN_NON_LITERAL_NULL_CONVERSION = YES;
				CLANG_WARN_OBJC_IMPLICIT_RETAIN_SELF = YES;
				CLANG_WARN_OBJC_LITERAL_CONVERSION = YES;
				CLANG_WARN_OBJC_ROOT_CLASS = YES_ERROR;
				CLANG_WARN_QUOTED_INCLUDE_IN_FRAMEWORK_HEADER = YES;
				CLANG_WARN_RANGE_LOOP_ANALYSIS = YES;
				CLANG_WARN_STRICT_PROTOTYPES = YES;
				CLANG_WARN_SUSPICIOUS_MOVE = YES;
				CLANG_WARN_UNGUARDED_AVAILABILITY = YES_AGGRESSIVE;
				CLANG_WARN_UNREACHABLE_CODE = YES;
				CLANG_WARN__DUPLICATE_METHOD_MATCH = YES;
				COPY_PHASE_STRIP = NO;
				DEBUG_INFORMATION_FORMAT = dwarf;
				ENABLE_STRICT_OBJC_MSGSEND = YES;
				ENABLE_TESTABILITY = YES;
				GCC_C_LANGUAGE_STANDARD = gnu11;
				GCC_DYNAMIC_NO_PIC = NO;
				GCC_NO_COMMON_BLOCKS = YES;
				GCC_OPTIMIZATION_LEVEL = 0;
				GCC_PREPROCESSOR_DEFINITIONS = (
					"DEBUG=1",
					"$(inherited)",
				);
				GCC_WARN_64_TO_32_BIT_CONVERSION = YES;
				GCC_WARN_ABOUT_RETURN_TYPE = YES_ERROR;
				GCC_WARN_UNDECLARED_SELECTOR = YES;
				GCC_WARN_UNINITIALIZED_AUTOS = YES_AGGRESSIVE;
				GCC_WARN_UNUSED_FUNCTION = YES;
				GCC_WARN_UNUSED_VARIABLE = YES;
				IPHONEOS_DEPLOYMENT_TARGET = 15.4;
				MTL_ENABLE_DEBUG_INFO = INCLUDE_SOURCE;
				MTL_FAST_MATH = YES;
				ONLY_ACTIVE_ARCH = YES;
				SDKROOT = iphoneos;
				SWIFT_ACTIVE_COMPILATION_CONDITIONS = DEBUG;
				SWIFT_OPTIMIZATION_LEVEL = "-Onone";
			};
			name = Debug;
		};
		C239AFE927FC69040053F77E /* Release */ = {
			isa = XCBuildConfiguration;
			buildSettings = {
				ALWAYS_SEARCH_USER_PATHS = NO;
				CLANG_ANALYZER_NONNULL = YES;
				CLANG_ANALYZER_NUMBER_OBJECT_CONVERSION = YES_AGGRESSIVE;
				CLANG_CXX_LANGUAGE_STANDARD = "gnu++17";
				CLANG_ENABLE_MODULES = YES;
				CLANG_ENABLE_OBJC_ARC = YES;
				CLANG_ENABLE_OBJC_WEAK = YES;
				CLANG_WARN_BLOCK_CAPTURE_AUTORELEASING = YES;
				CLANG_WARN_BOOL_CONVERSION = YES;
				CLANG_WARN_COMMA = YES;
				CLANG_WARN_CONSTANT_CONVERSION = YES;
				CLANG_WARN_DEPRECATED_OBJC_IMPLEMENTATIONS = YES;
				CLANG_WARN_DIRECT_OBJC_ISA_USAGE = YES_ERROR;
				CLANG_WARN_DOCUMENTATION_COMMENTS = YES;
				CLANG_WARN_EMPTY_BODY = YES;
				CLANG_WARN_ENUM_CONVERSION = YES;
				CLANG_WARN_INFINITE_RECURSION = YES;
				CLANG_WARN_INT_CONVERSION = YES;
				CLANG_WARN_NON_LITERAL_NULL_CONVERSION = YES;
				CLANG_WARN_OBJC_IMPLICIT_RETAIN_SELF = YES;
				CLANG_WARN_OBJC_LITERAL_CONVERSION = YES;
				CLANG_WARN_OBJC_ROOT_CLASS = YES_ERROR;
				CLANG_WARN_QUOTED_INCLUDE_IN_FRAMEWORK_HEADER = YES;
				CLANG_WARN_RANGE_LOOP_ANALYSIS = YES;
				CLANG_WARN_STRICT_PROTOTYPES = YES;
				CLANG_WARN_SUSPICIOUS_MOVE = YES;
				CLANG_WARN_UNGUARDED_AVAILABILITY = YES_AGGRESSIVE;
				CLANG_WARN_UNREACHABLE_CODE = YES;
				CLANG_WARN__DUPLICATE_METHOD_MATCH = YES;
				COPY_PHASE_STRIP = NO;
				DEBUG_INFORMATION_FORMAT = "dwarf-with-dsym";
				ENABLE_NS_ASSERTIONS = NO;
				ENABLE_STRICT_OBJC_MSGSEND = YES;
				GCC_C_LANGUAGE_STANDARD = gnu11;
				GCC_NO_COMMON_BLOCKS = YES;
				GCC_WARN_64_TO_32_BIT_CONVERSION = YES;
				GCC_WARN_ABOUT_RETURN_TYPE = YES_ERROR;
				GCC_WARN_UNDECLARED_SELECTOR = YES;
				GCC_WARN_UNINITIALIZED_AUTOS = YES_AGGRESSIVE;
				GCC_WARN_UNUSED_FUNCTION = YES;
				GCC_WARN_UNUSED_VARIABLE = YES;
				IPHONEOS_DEPLOYMENT_TARGET = 15.4;
				MTL_ENABLE_DEBUG_INFO = NO;
				MTL_FAST_MATH = YES;
				SDKROOT = iphoneos;
				SWIFT_COMPILATION_MODE = wholemodule;
				SWIFT_OPTIMIZATION_LEVEL = "-O";
				VALIDATE_PRODUCT = YES;
			};
			name = Release;
		};
		C239AFEB27FC69040053F77E /* Debug */ = {
			isa = XCBuildConfiguration;
			baseConfigurationReference = 55057EF5BC54A722EC06B3C6 /* Pods-AnimationTestApp.debug.xcconfig */;
			buildSettings = {
				ASSETCATALOG_COMPILER_APPICON_NAME = AppIcon;
				ASSETCATALOG_COMPILER_GLOBAL_ACCENT_COLOR_NAME = AccentColor;
				CODE_SIGN_STYLE = Automatic;
				CURRENT_PROJECT_VERSION = 1;
				DEVELOPMENT_TEAM = 25CKWY7LZ9;
				GENERATE_INFOPLIST_FILE = YES;
				INFOPLIST_FILE = AnimationTestApp/App/Info.plist;
				INFOPLIST_KEY_UIApplicationSupportsIndirectInputEvents = YES;
				INFOPLIST_KEY_UILaunchStoryboardName = LaunchScreen;
				INFOPLIST_KEY_UIMainStoryboardFile = Main;
				INFOPLIST_KEY_UISupportedInterfaceOrientations_iPad = "UIInterfaceOrientationPortrait UIInterfaceOrientationPortraitUpsideDown UIInterfaceOrientationLandscapeLeft UIInterfaceOrientationLandscapeRight";
				INFOPLIST_KEY_UISupportedInterfaceOrientations_iPhone = "UIInterfaceOrientationPortrait UIInterfaceOrientationLandscapeLeft UIInterfaceOrientationLandscapeRight";
				LD_RUNPATH_SEARCH_PATHS = (
					"$(inherited)",
					"@executable_path/Frameworks",
				);
				MARKETING_VERSION = 1.0;
				PRODUCT_BUNDLE_IDENTIFIER = kz.dimawkoapps.AnimationTestApp;
				PRODUCT_NAME = "$(TARGET_NAME)";
				SWIFT_EMIT_LOC_STRINGS = YES;
				SWIFT_VERSION = 5.0;
				TARGETED_DEVICE_FAMILY = "1,2";
			};
			name = Debug;
		};
		C239AFEC27FC69040053F77E /* Release */ = {
			isa = XCBuildConfiguration;
			baseConfigurationReference = 46D725BF9344F2A3FF900F9D /* Pods-AnimationTestApp.release.xcconfig */;
			buildSettings = {
				ASSETCATALOG_COMPILER_APPICON_NAME = AppIcon;
				ASSETCATALOG_COMPILER_GLOBAL_ACCENT_COLOR_NAME = AccentColor;
				CODE_SIGN_STYLE = Automatic;
				CURRENT_PROJECT_VERSION = 1;
				DEVELOPMENT_TEAM = 25CKWY7LZ9;
				GENERATE_INFOPLIST_FILE = YES;
				INFOPLIST_FILE = AnimationTestApp/App/Info.plist;
				INFOPLIST_KEY_UIApplicationSupportsIndirectInputEvents = YES;
				INFOPLIST_KEY_UILaunchStoryboardName = LaunchScreen;
				INFOPLIST_KEY_UIMainStoryboardFile = Main;
				INFOPLIST_KEY_UISupportedInterfaceOrientations_iPad = "UIInterfaceOrientationPortrait UIInterfaceOrientationPortraitUpsideDown UIInterfaceOrientationLandscapeLeft UIInterfaceOrientationLandscapeRight";
				INFOPLIST_KEY_UISupportedInterfaceOrientations_iPhone = "UIInterfaceOrientationPortrait UIInterfaceOrientationLandscapeLeft UIInterfaceOrientationLandscapeRight";
				LD_RUNPATH_SEARCH_PATHS = (
					"$(inherited)",
					"@executable_path/Frameworks",
				);
				MARKETING_VERSION = 1.0;
				PRODUCT_BUNDLE_IDENTIFIER = kz.dimawkoapps.AnimationTestApp;
				PRODUCT_NAME = "$(TARGET_NAME)";
				SWIFT_EMIT_LOC_STRINGS = YES;
				SWIFT_VERSION = 5.0;
				TARGETED_DEVICE_FAMILY = "1,2";
			};
			name = Release;
		};
/* End XCBuildConfiguration section */

/* Begin XCConfigurationList section */
		C239AFD127FC69020053F77E /* Build configuration list for PBXProject "AnimationTestApp" */ = {
			isa = XCConfigurationList;
			buildConfigurations = (
				C239AFE827FC69040053F77E /* Debug */,
				C239AFE927FC69040053F77E /* Release */,
			);
			defaultConfigurationIsVisible = 0;
			defaultConfigurationName = Release;
		};
		C239AFEA27FC69040053F77E /* Build configuration list for PBXNativeTarget "AnimationTestApp" */ = {
			isa = XCConfigurationList;
			buildConfigurations = (
				C239AFEB27FC69040053F77E /* Debug */,
				C239AFEC27FC69040053F77E /* Release */,
			);
			defaultConfigurationIsVisible = 0;
			defaultConfigurationName = Release;
		};
/* End XCConfigurationList section */
	};
	rootObject = C239AFCE27FC69020053F77E /* Project object */;
}
